
Microsoft Visual Studio Solution File, Format Version 12.00
# Visual Studio 2012
Project("{FAE04EC0-301F-11D3-BF4B-00C04F79EFBC}") = "SerialCommunication", "SerialCommunication\SerialCommunication.csproj", "{AD6CBD56-5C1F-4F84-A89E-0F947F059ABE}"
EndProject
Global
	GlobalSection(SolutionConfigurationPlatforms) = preSolution
		Debug|Any CPU = Debug|Any CPU
		Release|Any CPU = Release|Any CPU
	EndGlobalSection
	GlobalSection(ProjectConfigurationPlatforms) = postSolution
		{AD6CBD56-5C1F-4F84-A89E-0F947F059ABE}.Debug|Any CPU.ActiveCfg = Debug|Any CPU
		{AD6CBD56-5C1F-4F84-A89E-0F947F059ABE}.Debug|Any CPU.Build.0 = Debug|Any CPU
		{AD6CBD56-5C1F-4F84-A89E-0F947F059ABE}.Release|Any CPU.ActiveCfg = Release|Any CPU
		{AD6CBD56-5C1F-4F84-A89E-0F947F059ABE}.Release|Any CPU.Build.0 = Release|Any CPU
	EndGlobalSection
	GlobalSection(SolutionProperties) = preSolution
		HideSolutionNode = FALSE
	EndGlobalSection
EndGlobal
